
Microsoft Visual Studio Solution File, Format Version 12.00
Project("{2150E333-8FDC-42A3-9474-1A3956D46DE8}") = "User.Service", "User.Service", "{B943177F-6137-4A3E-BE73-F6D683862191}"
EndProject
Project("{2150E333-8FDC-42A3-9474-1A3956D46DE8}") = "Stream.Service", "Stream.Service", "{CD9834A3-47B8-4199-884D-A5C13DB8EBCE}"
EndProject
Project("{2150E333-8FDC-42A3-9474-1A3956D46DE8}") = "Notification.Service", "Notification.Service", "{471C9D74-3160-4B7D-9CDE-B9388E3E2768}"
EndProject
Project("{FAE04EC0-301F-11D3-BF4B-00C04F79EFBC}") = "User.Service.Presentation", "User.Service\User.Service.Presentation\User.Service.Presentation.csproj", "{755D3F89-5A7B-44C9-8D7E-1C0683AC7540}"
EndProject
Project("{FAE04EC0-301F-11D3-BF4B-00C04F79EFBC}") = "User.Service.Domain", "User.Service\User.Service.Domain\User.Service.Domain.csproj", "{D606200D-4AED-4194-AA97-79B9DAE39C41}"
EndProject
Project("{FAE04EC0-301F-11D3-BF4B-00C04F79EFBC}") = "User.Service.Application", "User.Service\User.Service.Application\User.Service.Application.csproj", "{4B4887A6-BA5E-4DCB-AC77-5E17B1F0C9AC}"
EndProject
Project("{FAE04EC0-301F-11D3-BF4B-00C04F79EFBC}") = "User.Service.Infrastructure", "User.Service\User.Service.Infrastructure\User.Service.Infrastructure.csproj", "{C4CD09DD-1560-490A-A876-99E3ADEC276D}"
EndProject
Project("{FAE04EC0-301F-11D3-BF4B-00C04F79EFBC}") = "User.Service.Shared", "User.Service\User.Service.Shared\User.Service.Shared.csproj", "{4B03A301-F984-45A7-8238-5D1E67306E3B}"
EndProject
Project("{FAE04EC0-301F-11D3-BF4B-00C04F79EFBC}") = "Stream.Service.Presentation", "Stream.Service.Presentation\Stream.Service.Presentation.csproj", "{F9E0F6FE-9572-495A-94EF-B1245E289C86}"
EndProject
Project("{FAE04EC0-301F-11D3-BF4B-00C04F79EFBC}") = "Stream.Service.DataAccess", "Stream.Service.DataAccess\Stream.Service.DataAccess.csproj", "{69A806F7-E9E1-4AF5-9569-F5F1F6AF7277}"
EndProject
Project("{FAE04EC0-301F-11D3-BF4B-00C04F79EFBC}") = "Stream.Service.BusinessLogic", "Stream.Service.BusinessLogic\Stream.Service.BusinessLogic.csproj", "{5DE3C276-E7ED-4039-9B83-2CE19B577F42}"
EndProject
Project("{FAE04EC0-301F-11D3-BF4B-00C04F79EFBC}") = "Stream.Service.Shared", "Stream.Service.Shared\Stream.Service.Shared.csproj", "{B715DAD5-FCDF-4070-9109-F3DB4CB3F9C6}"
EndProject
Global
	GlobalSection(SolutionConfigurationPlatforms) = preSolution
		Debug|Any CPU = Debug|Any CPU
		Release|Any CPU = Release|Any CPU
	EndGlobalSection
	GlobalSection(ProjectConfigurationPlatforms) = postSolution
		{755D3F89-5A7B-44C9-8D7E-1C0683AC7540}.Debug|Any CPU.ActiveCfg = Debug|Any CPU
		{755D3F89-5A7B-44C9-8D7E-1C0683AC7540}.Debug|Any CPU.Build.0 = Debug|Any CPU
		{755D3F89-5A7B-44C9-8D7E-1C0683AC7540}.Release|Any CPU.ActiveCfg = Release|Any CPU
		{755D3F89-5A7B-44C9-8D7E-1C0683AC7540}.Release|Any CPU.Build.0 = Release|Any CPU
		{D606200D-4AED-4194-AA97-79B9DAE39C41}.Debug|Any CPU.ActiveCfg = Debug|Any CPU
		{D606200D-4AED-4194-AA97-79B9DAE39C41}.Debug|Any CPU.Build.0 = Debug|Any CPU
		{D606200D-4AED-4194-AA97-79B9DAE39C41}.Release|Any CPU.ActiveCfg = Release|Any CPU
		{D606200D-4AED-4194-AA97-79B9DAE39C41}.Release|Any CPU.Build.0 = Release|Any CPU
		{4B4887A6-BA5E-4DCB-AC77-5E17B1F0C9AC}.Debug|Any CPU.ActiveCfg = Debug|Any CPU
		{4B4887A6-BA5E-4DCB-AC77-5E17B1F0C9AC}.Debug|Any CPU.Build.0 = Debug|Any CPU
		{4B4887A6-BA5E-4DCB-AC77-5E17B1F0C9AC}.Release|Any CPU.ActiveCfg = Release|Any CPU
		{4B4887A6-BA5E-4DCB-AC77-5E17B1F0C9AC}.Release|Any CPU.Build.0 = Release|Any CPU
		{C4CD09DD-1560-490A-A876-99E3ADEC276D}.Debug|Any CPU.ActiveCfg = Debug|Any CPU
		{C4CD09DD-1560-490A-A876-99E3ADEC276D}.Debug|Any CPU.Build.0 = Debug|Any CPU
		{C4CD09DD-1560-490A-A876-99E3ADEC276D}.Release|Any CPU.ActiveCfg = Release|Any CPU
		{C4CD09DD-1560-490A-A876-99E3ADEC276D}.Release|Any CPU.Build.0 = Release|Any CPU
		{4B03A301-F984-45A7-8238-5D1E67306E3B}.Debug|Any CPU.ActiveCfg = Debug|Any CPU
		{4B03A301-F984-45A7-8238-5D1E67306E3B}.Debug|Any CPU.Build.0 = Debug|Any CPU
		{4B03A301-F984-45A7-8238-5D1E67306E3B}.Release|Any CPU.ActiveCfg = Release|Any CPU
		{4B03A301-F984-45A7-8238-5D1E67306E3B}.Release|Any CPU.Build.0 = Release|Any CPU
		{F9E0F6FE-9572-495A-94EF-B1245E289C86}.Debug|Any CPU.ActiveCfg = Debug|Any CPU
		{F9E0F6FE-9572-495A-94EF-B1245E289C86}.Debug|Any CPU.Build.0 = Debug|Any CPU
		{F9E0F6FE-9572-495A-94EF-B1245E289C86}.Release|Any CPU.ActiveCfg = Release|Any CPU
		{F9E0F6FE-9572-495A-94EF-B1245E289C86}.Release|Any CPU.Build.0 = Release|Any CPU
		{69A806F7-E9E1-4AF5-9569-F5F1F6AF7277}.Debug|Any CPU.ActiveCfg = Debug|Any CPU
		{69A806F7-E9E1-4AF5-9569-F5F1F6AF7277}.Debug|Any CPU.Build.0 = Debug|Any CPU
		{69A806F7-E9E1-4AF5-9569-F5F1F6AF7277}.Release|Any CPU.ActiveCfg = Release|Any CPU
		{69A806F7-E9E1-4AF5-9569-F5F1F6AF7277}.Release|Any CPU.Build.0 = Release|Any CPU
		{5DE3C276-E7ED-4039-9B83-2CE19B577F42}.Debug|Any CPU.ActiveCfg = Debug|Any CPU
		{5DE3C276-E7ED-4039-9B83-2CE19B577F42}.Debug|Any CPU.Build.0 = Debug|Any CPU
		{5DE3C276-E7ED-4039-9B83-2CE19B577F42}.Release|Any CPU.ActiveCfg = Release|Any CPU
		{5DE3C276-E7ED-4039-9B83-2CE19B577F42}.Release|Any CPU.Build.0 = Release|Any CPU
		{B715DAD5-FCDF-4070-9109-F3DB4CB3F9C6}.Debug|Any CPU.ActiveCfg = Debug|Any CPU
		{B715DAD5-FCDF-4070-9109-F3DB4CB3F9C6}.Debug|Any CPU.Build.0 = Debug|Any CPU
		{B715DAD5-FCDF-4070-9109-F3DB4CB3F9C6}.Release|Any CPU.ActiveCfg = Release|Any CPU
		{B715DAD5-FCDF-4070-9109-F3DB4CB3F9C6}.Release|Any CPU.Build.0 = Release|Any CPU
	EndGlobalSection
	GlobalSection(NestedProjects) = preSolution
		{755D3F89-5A7B-44C9-8D7E-1C0683AC7540} = {B943177F-6137-4A3E-BE73-F6D683862191}
		{D606200D-4AED-4194-AA97-79B9DAE39C41} = {B943177F-6137-4A3E-BE73-F6D683862191}
		{4B4887A6-BA5E-4DCB-AC77-5E17B1F0C9AC} = {B943177F-6137-4A3E-BE73-F6D683862191}
		{C4CD09DD-1560-490A-A876-99E3ADEC276D} = {B943177F-6137-4A3E-BE73-F6D683862191}
		{4B03A301-F984-45A7-8238-5D1E67306E3B} = {B943177F-6137-4A3E-BE73-F6D683862191}
		{F9E0F6FE-9572-495A-94EF-B1245E289C86} = {CD9834A3-47B8-4199-884D-A5C13DB8EBCE}
		{69A806F7-E9E1-4AF5-9569-F5F1F6AF7277} = {CD9834A3-47B8-4199-884D-A5C13DB8EBCE}
		{5DE3C276-E7ED-4039-9B83-2CE19B577F42} = {CD9834A3-47B8-4199-884D-A5C13DB8EBCE}
		{B715DAD5-FCDF-4070-9109-F3DB4CB3F9C6} = {CD9834A3-47B8-4199-884D-A5C13DB8EBCE}
	EndGlobalSection
EndGlobal
